# THIS IS AN AUTOGENERATED FILE. DO NOT EDIT THIS FILE DIRECTLY.
# yarn lockfile v1


clsx@^2.1.1:
  version "2.1.1"
  resolved "https://registry.yarnpkg.com/clsx/-/clsx-2.1.1.tgz#eed397c9fd8bd882bfb18deab7102049a2f32999"
  integrity sha512-eYm0QWBtUrBWZWG0d386OGAw16Z995PiOVo2B7bjWSbHedGl5e0ZWaq65kOGgUSNesEIDkB9ISbTg/JK9dhCZA==

react-toastify@^11.0.5:
  version "11.0.5"
  resolved "https://registry.yarnpkg.com/react-toastify/-/react-toastify-11.0.5.tgz#ce4c42d10eeb433988ab2264d3e445c4e9d13313"
  integrity sha512-EpqHBGvnSTtHYhCPLxML05NLY2ZX0JURbAdNYa6BUkk+amz4wbKBQvoKQAB0ardvSarUBuY4Q4s1sluAzZwkmA==
  dependencies:
    clsx "^2.1.1"
